{
  "name": "passwordreset",
  "lockfileVersion": 3,
  "requires": true,
  "packages": {
    "": {
      "dependencies": {
        "@hotwired/stimulus": "^3.2.2",
        "flatpickr": "^4.6.13",
        "intl-tel-input": "^25.3.1",
        "tom-select": "^2.4.3"
      }
    },
    "node_modules/@hotwired/stimulus": {
      "version": "3.2.2",
      "resolved": "https://registry.npmjs.org/@hotwired/stimulus/-/stimulus-3.2.2.tgz",
      "integrity": "sha512-eGeIqNOQpXoPAIP7tC1+1Yc1yl1xnwYqg+3mzqxyrbE5pg5YFBZcA6YoTiByJB6DKAEsiWtl6tjTJS4IYtbB7A==",
      "license": "MIT"
    },
    "node_modules/@orchidjs/sifter": {
      "version": "1.1.0",
      "resolved": "https://registry.npmjs.org/@orchidjs/sifter/-/sifter-1.1.0.tgz",
      "integrity": "sha512-mYwHCfr736cIWWdhhSZvDbf90AKt2xyrJspKFC3qyIJG1LtrJeJunYEqCGG4Aq2ijENbc4WkOjszcvNaIAS/pQ==",
      "license": "Apache-2.0",
      "dependencies": {
        "@orchidjs/unicode-variants": "^1.1.2"
      }
    },
    "node_modules/@orchidjs/unicode-variants": {
      "version": "1.1.2",
      "resolved": "https://registry.npmjs.org/@orchidjs/unicode-variants/-/unicode-variants-1.1.2.tgz",
      "integrity": "sha512-5DobW1CHgnBROOEpFlEXytED5OosEWESFvg/VYmH0143oXcijYTprRYJTs+55HzGM4IqxiLFSuqEzu9mPNwVsA==",
      "license": "Apache-2.0"
    },
    "node_modules/flatpickr": {
      "version": "4.6.13",
      "resolved": "https://registry.npmjs.org/flatpickr/-/flatpickr-4.6.13.tgz",
      "integrity": "sha512-97PMG/aywoYpB4IvbvUJi0RQi8vearvU0oov1WW3k0WZPBMrTQVqekSX5CjSG/M4Q3i6A/0FKXC7RyAoAUUSPw==",
      "license": "MIT"
    },
    "node_modules/intl-tel-input": {
      "version": "25.3.1",
      "resolved": "https://registry.npmjs.org/intl-tel-input/-/intl-tel-input-25.3.1.tgz",
      "integrity": "sha512-0Xls8/hnvPv6EqfDJ+cz6h/MGvEYiHkerrQBHMmRuuBPZ0MedDyzRqqdSkhFXXGt9YTihmBhXwtWoeHjdouIKA==",
      "license": "MIT"
    },
    "node_modules/tom-select": {
      "version": "2.4.3",
      "resolved": "https://registry.npmjs.org/tom-select/-/tom-select-2.4.3.tgz",
      "integrity": "sha512-MFFrMxP1bpnAMPbdvPCZk0KwYxLqhYZso39torcdoefeV/NThNyDu8dV96/INJ5XQVTL3O55+GqQ78Pkj5oCfw==",
      "license": "Apache-2.0",
      "dependencies": {
        "@orchidjs/sifter": "^1.1.0",
        "@orchidjs/unicode-variants": "^1.1.2"
      },
      "engines": {
        "node": "*"
      },
      "funding": {
        "type": "opencollective",
        "url": "https://opencollective.com/tom-select"
      }
    }
  }
}
